
Microsoft Visual Studio Solution File, Format Version 12.00
# Visual Studio Version 17
VisualStudioVersion = 17.14.36804.6 d17.14
MinimumVisualStudioVersion = 10.0.40219.1
Project("{FAE04EC0-301F-11D3-BF4B-00C04F79EFBC}") = "TinyLanguageScanner", "TinyLanguageScanner\TinyLanguageScanner.csproj", "{784FF91F-88BD-4B28-AD1A-8B8160E84040}"
EndProject
Global
	GlobalSection(SolutionConfigurationPlatforms) = preSolution
		Debug|Any CPU = Debug|Any CPU
		Release|Any CPU = Release|Any CPU
	EndGlobalSection
	GlobalSection(ProjectConfigurationPlatforms) = postSolution
		{784FF91F-88BD-4B28-AD1A-8B8160E84040}.Debug|Any CPU.ActiveCfg = Debug|Any CPU
		{784FF91F-88BD-4B28-AD1A-8B8160E84040}.Debug|Any CPU.Build.0 = Debug|Any CPU
		{784FF91F-88BD-4B28-AD1A-8B8160E84040}.Release|Any CPU.ActiveCfg = Release|Any CPU
		{784FF91F-88BD-4B28-AD1A-8B8160E84040}.Release|Any CPU.Build.0 = Release|Any CPU
	EndGlobalSection
	GlobalSection(SolutionProperties) = preSolution
		HideSolutionNode = FALSE
	EndGlobalSection
	GlobalSection(ExtensibilityGlobals) = postSolution
		SolutionGuid = {88B8AD67-D46C-467E-B510-167D86D5EE8C}
	EndGlobalSection
EndGlobal
